
Microsoft Visual Studio Solution File, Format Version 12.00
# Visual Studio Version 17
VisualStudioVersion = 17.9.34728.123
MinimumVisualStudioVersion = 10.0.40219.1
Project("{FAE04EC0-301F-11D3-BF4B-00C04F79EFBC}") = "Prueba-automatizada", "Prueba-automatizada.csproj", "{8D9B7B8F-6C95-4582-B78B-2C6B5A155A42}"
EndProject
Global
	GlobalSection(SolutionConfigurationPlatforms) = preSolution
		Debug|Any CPU = Debug|Any CPU
		Release|Any CPU = Release|Any CPU
	EndGlobalSection
	GlobalSection(ProjectConfigurationPlatforms) = postSolution
		{8D9B7B8F-6C95-4582-B78B-2C6B5A155A42}.Debug|Any CPU.ActiveCfg = Debug|Any CPU
		{8D9B7B8F-6C95-4582-B78B-2C6B5A155A42}.Debug|Any CPU.Build.0 = Debug|Any CPU
		{8D9B7B8F-6C95-4582-B78B-2C6B5A155A42}.Release|Any CPU.ActiveCfg = Release|Any CPU
		{8D9B7B8F-6C95-4582-B78B-2C6B5A155A42}.Release|Any CPU.Build.0 = Release|Any CPU
	EndGlobalSection
	GlobalSection(SolutionProperties) = preSolution
		HideSolutionNode = FALSE
	EndGlobalSection
	GlobalSection(ExtensibilityGlobals) = postSolution
		SolutionGuid = {CB39D225-A825-436E-B39B-E91DD2F14A03}
	EndGlobalSection
EndGlobal
